// !$*UTF8*$!
{
	archiveVersion = 1;
	classes = {
	};
	objectVersion = 50;
	objects = {

/* Begin PBXBuildFile section */
		844813C02768C824009B0D8A /* AppDelegate.swift in Sources */ = {isa = PBXBuildFile; fileRef = 844813BF2768C824009B0D8A /* AppDelegate.swift */; };
		844813C22768C824009B0D8A /* ViewController.swift in Sources */ = {isa = PBXBuildFile; fileRef = 844813C12768C824009B0D8A /* ViewController.swift */; };
		844813C52768C824009B0D8A /* Main.storyboard in Resources */ = {isa = PBXBuildFile; fileRef = 844813C32768C824009B0D8A /* Main.storyboard */; };
		844813C72768C826009B0D8A /* Assets.xcassets in Resources */ = {isa = PBXBuildFile; fileRef = 844813C62768C826009B0D8A /* Assets.xcassets */; };
		844813CA2768C826009B0D8A /* LaunchScreen.storyboard in Resources */ = {isa = PBXBuildFile; fileRef = 844813C82768C826009B0D8A /* LaunchScreen.storyboard */; };
		844813D52768C826009B0D8A /* edentechlabs_interview_taskTests.swift in Sources */ = {isa = PBXBuildFile; fileRef = 844813D42768C826009B0D8A /* edentechlabs_interview_taskTests.swift */; };
		844813E42768DA37009B0D8A /* TabBarController.swift in Sources */ = {isa = PBXBuildFile; fileRef = 844813E32768DA37009B0D8A /* TabBarController.swift */; };
		844813EB2768DCD7009B0D8A /* AstronomyPictureController.swift in Sources */ = {isa = PBXBuildFile; fileRef = 844813EA2768DCD7009B0D8A /* AstronomyPictureController.swift */; };
		844813ED2768DD08009B0D8A /* EarthImageController.swift in Sources */ = {isa = PBXBuildFile; fileRef = 844813EC2768DD08009B0D8A /* EarthImageController.swift */; };
		844813EF2768DD32009B0D8A /* EpicAPIImageController.swift in Sources */ = {isa = PBXBuildFile; fileRef = 844813EE2768DD32009B0D8A /* EpicAPIImageController.swift */; };
		844D7102276B350800A33BB5 /* LocationRequestResource.swift in Sources */ = {isa = PBXBuildFile; fileRef = 844D7101276B350800A33BB5 /* LocationRequestResource.swift */; };
		844D7106276B38B900A33BB5 /* EarthImageService.swift in Sources */ = {isa = PBXBuildFile; fileRef = 844D7105276B38B900A33BB5 /* EarthImageService.swift */; };
		844D7108276B3A2500A33BB5 /* EarthImage.swift in Sources */ = {isa = PBXBuildFile; fileRef = 844D7107276B3A2500A33BB5 /* EarthImage.swift */; };
		844D710A276B3BD700A33BB5 /* EarthImageAssembler.swift in Sources */ = {isa = PBXBuildFile; fileRef = 844D7109276B3BD700A33BB5 /* EarthImageAssembler.swift */; };
		844D710C276B3D4100A33BB5 /* EarthImageViewModel.swift in Sources */ = {isa = PBXBuildFile; fileRef = 844D710B276B3D4100A33BB5 /* EarthImageViewModel.swift */; };
		844D710E276B3FD800A33BB5 /* EarthImageView.swift in Sources */ = {isa = PBXBuildFile; fileRef = 844D710D276B3FD800A33BB5 /* EarthImageView.swift */; };
		844D7113276B73B500A33BB5 /* DateResponseResource.swift in Sources */ = {isa = PBXBuildFile; fileRef = 844D7112276B73B500A33BB5 /* DateResponseResource.swift */; };
		844D7115276B744200A33BB5 /* EpicImageService.swift in Sources */ = {isa = PBXBuildFile; fileRef = 844D7114276B744200A33BB5 /* EpicImageService.swift */; };
		844D7117276B748900A33BB5 /* DateAssembler.swift in Sources */ = {isa = PBXBuildFile; fileRef = 844D7116276B748900A33BB5 /* DateAssembler.swift */; };
		844D7119276B74E400A33BB5 /* AvailableDate.swift in Sources */ = {isa = PBXBuildFile; fileRef = 844D7118276B74E400A33BB5 /* AvailableDate.swift */; };
		844D711B276B795C00A33BB5 /* EPICImageResponseResource.swift in Sources */ = {isa = PBXBuildFile; fileRef = 844D711A276B795C00A33BB5 /* EPICImageResponseResource.swift */; };
		844D711D276B79C900A33BB5 /* LocationResponseResource.swift in Sources */ = {isa = PBXBuildFile; fileRef = 844D711C276B79C900A33BB5 /* LocationResponseResource.swift */; };
		844D711F276B79D200A33BB5 /* PositionResponseResource.swift in Sources */ = {isa = PBXBuildFile; fileRef = 844D711E276B79D200A33BB5 /* PositionResponseResource.swift */; };
		844D7121276B7B9800A33BB5 /* CoordinateResponseResource.swift in Sources */ = {isa = PBXBuildFile; fileRef = 844D7120276B7B9800A33BB5 /* CoordinateResponseResource.swift */; };
		844D7123276B7BF800A33BB5 /* AttitudeResponseResource.swift in Sources */ = {isa = PBXBuildFile; fileRef = 844D7122276B7BF800A33BB5 /* AttitudeResponseResource.swift */; };
		844D7125276B87BB00A33BB5 /* EPICImage.swift in Sources */ = {isa = PBXBuildFile; fileRef = 844D7124276B87BB00A33BB5 /* EPICImage.swift */; };
		844D7127276B87E200A33BB5 /* EPICImageAssembler.swift in Sources */ = {isa = PBXBuildFile; fileRef = 844D7126276B87E200A33BB5 /* EPICImageAssembler.swift */; };
		844D7129276B8E8500A33BB5 /* EPICImageRequestResource.swift in Sources */ = {isa = PBXBuildFile; fileRef = 844D7128276B8E8500A33BB5 /* EPICImageRequestResource.swift */; };
		844D712B276B946B00A33BB5 /* EPICImageViewModel.swift in Sources */ = {isa = PBXBuildFile; fileRef = 844D712A276B946B00A33BB5 /* EPICImageViewModel.swift */; };
		844D7131276B95AB00A33BB5 /* EPICImageCell.swift in Sources */ = {isa = PBXBuildFile; fileRef = 844D7130276B95AB00A33BB5 /* EPICImageCell.swift */; };
		844D7133276B961700A33BB5 /* EPICDatePickerCell.swift in Sources */ = {isa = PBXBuildFile; fileRef = 844D7132276B961700A33BB5 /* EPICDatePickerCell.swift */; };
		844D7135276BA44E00A33BB5 /* Array.swift in Sources */ = {isa = PBXBuildFile; fileRef = 844D7134276BA44E00A33BB5 /* Array.swift */; };
		84A28E2B276A33C7009D5EDC /* ImageAssembler.swift in Sources */ = {isa = PBXBuildFile; fileRef = 84A28E2A276A33C7009D5EDC /* ImageAssembler.swift */; };
		84C7CCF22769E06200868B08 /* HTTPService.swift in Sources */ = {isa = PBXBuildFile; fileRef = 84C7CCF12769E06200868B08 /* HTTPService.swift */; };
		84C7CCF72769E0A000868B08 /* AstronomyPictureService.swift in Sources */ = {isa = PBXBuildFile; fileRef = 84C7CCF62769E0A000868B08 /* AstronomyPictureService.swift */; };
		84C7CCF92769E0BB00868B08 /* AstronomyPictureResponseResource.swift in Sources */ = {isa = PBXBuildFile; fileRef = 84C7CCF82769E0BB00868B08 /* AstronomyPictureResponseResource.swift */; };
		84C7CCFB2769E0D300868B08 /* AstronomyPictureViewModel.swift in Sources */ = {isa = PBXBuildFile; fileRef = 84C7CCFA2769E0D300868B08 /* AstronomyPictureViewModel.swift */; };
		84C7CCFF2769E2E000868B08 /* AstronomyPictureCell.swift in Sources */ = {isa = PBXBuildFile; fileRef = 84C7CCFE2769E2E000868B08 /* AstronomyPictureCell.swift */; };
		84C7CD012769E41E00868B08 /* DatePickerCell.swift in Sources */ = {isa = PBXBuildFile; fileRef = 84C7CD002769E41E00868B08 /* DatePickerCell.swift */; };
		84C7CD052769EC6000868B08 /* Endpoint.swift in Sources */ = {isa = PBXBuildFile; fileRef = 84C7CD042769EC6000868B08 /* Endpoint.swift */; };
		84C7CD092769EEB900868B08 /* NetworkError.swift in Sources */ = {isa = PBXBuildFile; fileRef = 84C7CD082769EEB900868B08 /* NetworkError.swift */; };
		84C7CD0B2769FA7D00868B08 /* ImageLoader.swift in Sources */ = {isa = PBXBuildFile; fileRef = 84C7CD0A2769FA7D00868B08 /* ImageLoader.swift */; };
		84C7CD0D2769FCBF00868B08 /* AstronomyPicture.swift in Sources */ = {isa = PBXBuildFile; fileRef = 84C7CD0C2769FCBF00868B08 /* AstronomyPicture.swift */; };
		84C7CD102769FD2E00868B08 /* AstronomyPictureAssembler.swift in Sources */ = {isa = PBXBuildFile; fileRef = 84C7CD0F2769FD2E00868B08 /* AstronomyPictureAssembler.swift */; };
		84C7CD13276A1B3400868B08 /* TextField.swift in Sources */ = {isa = PBXBuildFile; fileRef = 84C7CD12276A1B3400868B08 /* TextField.swift */; };
/* End PBXBuildFile section */

/* Begin PBXContainerItemProxy section */
		844813D12768C826009B0D8A /* PBXContainerItemProxy */ = {
			isa = PBXContainerItemProxy;
			containerPortal = 844813B42768C824009B0D8A /* Project object */;
			proxyType = 1;
			remoteGlobalIDString = 844813BB2768C824009B0D8A;
			remoteInfo = "edentechlabs-interview-task";
		};
/* End PBXContainerItemProxy section */

/* Begin PBXFileReference section */
		844813BC2768C824009B0D8A /* edentechlabs-interview-task.app */ = {isa = PBXFileReference; explicitFileType = wrapper.application; includeInIndex = 0; path = "edentechlabs-interview-task.app"; sourceTree = BUILT_PRODUCTS_DIR; };
		844813BF2768C824009B0D8A /* AppDelegate.swift */ = {isa = PBXFileReference; lastKnownFileType = sourcecode.swift; path = AppDelegate.swift; sourceTree = "<group>"; };
		844813C12768C824009B0D8A /* ViewController.swift */ = {isa = PBXFileReference; lastKnownFileType = sourcecode.swift; path = ViewController.swift; sourceTree = "<group>"; };
		844813C42768C824009B0D8A /* Base */ = {isa = PBXFileReference; lastKnownFileType = file.storyboard; name = Base; path = Base.lproj/Main.storyboard; sourceTree = "<group>"; };
		844813C62768C826009B0D8A /* Assets.xcassets */ = {isa = PBXFileReference; lastKnownFileType = folder.assetcatalog; path = Assets.xcassets; sourceTree = "<group>"; };
		844813C92768C826009B0D8A /* Base */ = {isa = PBXFileReference; lastKnownFileType = file.storyboard; name = Base; path = Base.lproj/LaunchScreen.storyboard; sourceTree = "<group>"; };
		844813CB2768C826009B0D8A /* Info.plist */ = {isa = PBXFileReference; lastKnownFileType = text.plist.xml; path = Info.plist; sourceTree = "<group>"; };
		844813D02768C826009B0D8A /* edentechlabs-interview-taskTests.xctest */ = {isa = PBXFileReference; explicitFileType = wrapper.cfbundle; includeInIndex = 0; path = "edentechlabs-interview-taskTests.xctest"; sourceTree = BUILT_PRODUCTS_DIR; };
		844813D42768C826009B0D8A /* edentechlabs_interview_taskTests.swift */ = {isa = PBXFileReference; lastKnownFileType = sourcecode.swift; path = edentechlabs_interview_taskTests.swift; sourceTree = "<group>"; };
		844813D62768C826009B0D8A /* Info.plist */ = {isa = PBXFileReference; lastKnownFileType = text.plist.xml; path = Info.plist; sourceTree = "<group>"; };
		844813E32768DA37009B0D8A /* TabBarController.swift */ = {isa = PBXFileReference; lastKnownFileType = sourcecode.swift; path = TabBarController.swift; sourceTree = "<group>"; };
		844813EA2768DCD7009B0D8A /* AstronomyPictureController.swift */ = {isa = PBXFileReference; lastKnownFileType = sourcecode.swift; path = AstronomyPictureController.swift; sourceTree = "<group>"; };
		844813EC2768DD08009B0D8A /* EarthImageController.swift */ = {isa = PBXFileReference; lastKnownFileType = sourcecode.swift; path = EarthImageController.swift; sourceTree = "<group>"; };
		844813EE2768DD32009B0D8A /* EpicAPIImageController.swift */ = {isa = PBXFileReference; lastKnownFileType = sourcecode.swift; path = EpicAPIImageController.swift; sourceTree = "<group>"; };
		844D7101276B350800A33BB5 /* LocationRequestResource.swift */ = {isa = PBXFileReference; lastKnownFileType = sourcecode.swift; path = LocationRequestResource.swift; sourceTree = "<group>"; };
		844D7105276B38B900A33BB5 /* EarthImageService.swift */ = {isa = PBXFileReference; lastKnownFileType = sourcecode.swift; path = EarthImageService.swift; sourceTree = "<group>"; };
		844D7107276B3A2500A33BB5 /* EarthImage.swift */ = {isa = PBXFileReference; lastKnownFileType = sourcecode.swift; path = EarthImage.swift; sourceTree = "<group>"; };
		844D7109276B3BD700A33BB5 /* EarthImageAssembler.swift */ = {isa = PBXFileReference; lastKnownFileType = sourcecode.swift; path = EarthImageAssembler.swift; sourceTree = "<group>"; };
		844D710B276B3D4100A33BB5 /* EarthImageViewModel.swift */ = {isa = PBXFileReference; lastKnownFileType = sourcecode.swift; path = EarthImageViewModel.swift; sourceTree = "<group>"; };
		844D710D276B3FD800A33BB5 /* EarthImageView.swift */ = {isa = PBXFileReference; lastKnownFileType = sourcecode.swift; path = EarthImageView.swift; sourceTree = "<group>"; };
		844D7112276B73B500A33BB5 /* DateResponseResource.swift */ = {isa = PBXFileReference; lastKnownFileType = sourcecode.swift; path = DateResponseResource.swift; sourceTree = "<group>"; };
		844D7114276B744200A33BB5 /* EpicImageService.swift */ = {isa = PBXFileReference; lastKnownFileType = sourcecode.swift; path = EpicImageService.swift; sourceTree = "<group>"; };
		844D7116276B748900A33BB5 /* DateAssembler.swift */ = {isa = PBXFileReference; lastKnownFileType = sourcecode.swift; path = DateAssembler.swift; sourceTree = "<group>"; };
		844D7118276B74E400A33BB5 /* AvailableDate.swift */ = {isa = PBXFileReference; lastKnownFileType = sourcecode.swift; path = AvailableDate.swift; sourceTree = "<group>"; };
		844D711A276B795C00A33BB5 /* EPICImageResponseResource.swift */ = {isa = PBXFileReference; lastKnownFileType = sourcecode.swift; path = EPICImageResponseResource.swift; sourceTree = "<group>"; };
		844D711C276B79C900A33BB5 /* LocationResponseResource.swift */ = {isa = PBXFileReference; lastKnownFileType = sourcecode.swift; path = LocationResponseResource.swift; sourceTree = "<group>"; };
		844D711E276B79D200A33BB5 /* PositionResponseResource.swift */ = {isa = PBXFileReference; lastKnownFileType = sourcecode.swift; path = PositionResponseResource.swift; sourceTree = "<group>"; };
		844D7120276B7B9800A33BB5 /* CoordinateResponseResource.swift */ = {isa = PBXFileReference; lastKnownFileType = sourcecode.swift; path = CoordinateResponseResource.swift; sourceTree = "<group>"; };
		844D7122276B7BF800A33BB5 /* AttitudeResponseResource.swift */ = {isa = PBXFileReference; lastKnownFileType = sourcecode.swift; path = AttitudeResponseResource.swift; sourceTree = "<group>"; };
		844D7124276B87BB00A33BB5 /* EPICImage.swift */ = {isa = PBXFileReference; lastKnownFileType = sourcecode.swift; path = EPICImage.swift; sourceTree = "<group>"; };
		844D7126276B87E200A33BB5 /* EPICImageAssembler.swift */ = {isa = PBXFileReference; lastKnownFileType = sourcecode.swift; path = EPICImageAssembler.swift; sourceTree = "<group>"; };
		844D7128276B8E8500A33BB5 /* EPICImageRequestResource.swift */ = {isa = PBXFileReference; lastKnownFileType = sourcecode.swift; path = EPICImageRequestResource.swift; sourceTree = "<group>"; };
		844D712A276B946B00A33BB5 /* EPICImageViewModel.swift */ = {isa = PBXFileReference; lastKnownFileType = sourcecode.swift; path = EPICImageViewModel.swift; sourceTree = "<group>"; };
		844D7130276B95AB00A33BB5 /* EPICImageCell.swift */ = {isa = PBXFileReference; lastKnownFileType = sourcecode.swift; path = EPICImageCell.swift; sourceTree = "<group>"; };
		844D7132276B961700A33BB5 /* EPICDatePickerCell.swift */ = {isa = PBXFileReference; lastKnownFileType = sourcecode.swift; path = EPICDatePickerCell.swift; sourceTree = "<group>"; };
		844D7134276BA44E00A33BB5 /* Array.swift */ = {isa = PBXFileReference; lastKnownFileType = sourcecode.swift; path = Array.swift; sourceTree = "<group>"; };
		84A28E2A276A33C7009D5EDC /* ImageAssembler.swift */ = {isa = PBXFileReference; lastKnownFileType = sourcecode.swift; path = ImageAssembler.swift; sourceTree = "<group>"; };
		84C7CCF12769E06200868B08 /* HTTPService.swift */ = {isa = PBXFileReference; lastKnownFileType = sourcecode.swift; path = HTTPService.swift; sourceTree = "<group>"; };
		84C7CCF62769E0A000868B08 /* AstronomyPictureService.swift */ = {isa = PBXFileReference; lastKnownFileType = sourcecode.swift; path = AstronomyPictureService.swift; sourceTree = "<group>"; };
		84C7CCF82769E0BB00868B08 /* AstronomyPictureResponseResource.swift */ = {isa = PBXFileReference; lastKnownFileType = sourcecode.swift; path = AstronomyPictureResponseResource.swift; sourceTree = "<group>"; };
		84C7CCFA2769E0D300868B08 /* AstronomyPictureViewModel.swift */ = {isa = PBXFileReference; lastKnownFileType = sourcecode.swift; path = AstronomyPictureViewModel.swift; sourceTree = "<group>"; };
		84C7CCFE2769E2E000868B08 /* AstronomyPictureCell.swift */ = {isa = PBXFileReference; lastKnownFileType = sourcecode.swift; path = AstronomyPictureCell.swift; sourceTree = "<group>"; };
		84C7CD002769E41E00868B08 /* DatePickerCell.swift */ = {isa = PBXFileReference; lastKnownFileType = sourcecode.swift; path = DatePickerCell.swift; sourceTree = "<group>"; };
		84C7CD042769EC6000868B08 /* Endpoint.swift */ = {isa = PBXFileReference; lastKnownFileType = sourcecode.swift; path = Endpoint.swift; sourceTree = "<group>"; };
		84C7CD082769EEB900868B08 /* NetworkError.swift */ = {isa = PBXFileReference; lastKnownFileType = sourcecode.swift; path = NetworkError.swift; sourceTree = "<group>"; };
		84C7CD0A2769FA7D00868B08 /* ImageLoader.swift */ = {isa = PBXFileReference; lastKnownFileType = sourcecode.swift; path = ImageLoader.swift; sourceTree = "<group>"; };
		84C7CD0C2769FCBF00868B08 /* AstronomyPicture.swift */ = {isa = PBXFileReference; lastKnownFileType = sourcecode.swift; path = AstronomyPicture.swift; sourceTree = "<group>"; };
		84C7CD0F2769FD2E00868B08 /* AstronomyPictureAssembler.swift */ = {isa = PBXFileReference; lastKnownFileType = sourcecode.swift; path = AstronomyPictureAssembler.swift; sourceTree = "<group>"; };
		84C7CD12276A1B3400868B08 /* TextField.swift */ = {isa = PBXFileReference; lastKnownFileType = sourcecode.swift; path = TextField.swift; sourceTree = "<group>"; };
/* End PBXFileReference section */

/* Begin PBXFrameworksBuildPhase section */
		844813B92768C824009B0D8A /* Frameworks */ = {
			isa = PBXFrameworksBuildPhase;
			buildActionMask = 2147483647;
			files = (
			);
			runOnlyForDeploymentPostprocessing = 0;
		};
		844813CD2768C826009B0D8A /* Frameworks */ = {
			isa = PBXFrameworksBuildPhase;
			buildActionMask = 2147483647;
			files = (
			);
			runOnlyForDeploymentPostprocessing = 0;
		};
/* End PBXFrameworksBuildPhase section */

/* Begin PBXGroup section */
		844813B32768C824009B0D8A = {
			isa = PBXGroup;
			children = (
				844813BE2768C824009B0D8A /* edentechlabs-interview-task */,
				844813D32768C826009B0D8A /* edentechlabs-interview-taskTests */,
				844813BD2768C824009B0D8A /* Products */,
			);
			sourceTree = "<group>";
		};
		844813BD2768C824009B0D8A /* Products */ = {
			isa = PBXGroup;
			children = (
				844813BC2768C824009B0D8A /* edentechlabs-interview-task.app */,
				844813D02768C826009B0D8A /* edentechlabs-interview-taskTests.xctest */,
			);
			name = Products;
			sourceTree = "<group>";
		};
		844813BE2768C824009B0D8A /* edentechlabs-interview-task */ = {
			isa = PBXGroup;
			children = (
				84C7CCEE2769E03E00868B08 /* Shared */,
				844813E22768D7BD009B0D8A /* TabBar */,
				844813E12768D657009B0D8A /* ShowImageFromEpicAPI */,
				844813E02768D646009B0D8A /* ShowImageFromEarth */,
				844813DF2768D638009B0D8A /* ShowAstronomyPicture */,
				844813BF2768C824009B0D8A /* AppDelegate.swift */,
				844813C12768C824009B0D8A /* ViewController.swift */,
				844813C32768C824009B0D8A /* Main.storyboard */,
				844813C62768C826009B0D8A /* Assets.xcassets */,
				844813C82768C826009B0D8A /* LaunchScreen.storyboard */,
				844813CB2768C826009B0D8A /* Info.plist */,
			);
			path = "edentechlabs-interview-task";
			sourceTree = "<group>";
		};
		844813D32768C826009B0D8A /* edentechlabs-interview-taskTests */ = {
			isa = PBXGroup;
			children = (
				844813D42768C826009B0D8A /* edentechlabs_interview_taskTests.swift */,
				844813D62768C826009B0D8A /* Info.plist */,
			);
			path = "edentechlabs-interview-taskTests";
			sourceTree = "<group>";
		};
		844813DF2768D638009B0D8A /* ShowAstronomyPicture */ = {
			isa = PBXGroup;
			children = (
				84C7CCF52769E07C00868B08 /* ViewModel */,
				84C7CCF42769E07600868B08 /* Model */,
				84C7CCF32769E06F00868B08 /* Service */,
				844813E62768DC3E009B0D8A /* View */,
			);
			path = ShowAstronomyPicture;
			sourceTree = "<group>";
		};
		844813E02768D646009B0D8A /* ShowImageFromEarth */ = {
			isa = PBXGroup;
			children = (
				844D7100276B334300A33BB5 /* Service */,
				844D70FF276B333A00A33BB5 /* ViewModel */,
				844D70FE276B332F00A33BB5 /* Model */,
				844813E72768DC48009B0D8A /* View */,
			);
			path = ShowImageFromEarth;
			sourceTree = "<group>";
		};
		844813E12768D657009B0D8A /* ShowImageFromEpicAPI */ = {
			isa = PBXGroup;
			children = (
				844D7111276B636800A33BB5 /* ViewModel */,
				844D7110276B636300A33BB5 /* Model */,
				844D710F276B635800A33BB5 /* Service */,
				844813E52768DC36009B0D8A /* View */,
			);
			path = ShowImageFromEpicAPI;
			sourceTree = "<group>";
		};
		844813E22768D7BD009B0D8A /* TabBar */ = {
			isa = PBXGroup;
			children = (
				844813E32768DA37009B0D8A /* TabBarController.swift */,
			);
			path = TabBar;
			sourceTree = "<group>";
		};
		844813E52768DC36009B0D8A /* View */ = {
			isa = PBXGroup;
			children = (
				844D712D276B958A00A33BB5 /* Controller */,
				844D712C276B958100A33BB5 /* Cell */,
			);
			path = View;
			sourceTree = "<group>";
		};
		844813E62768DC3E009B0D8A /* View */ = {
			isa = PBXGroup;
			children = (
				84C7CCFD2769E2B800868B08 /* Controller */,
				84C7CCFC2769E2AE00868B08 /* Cell */,
			);
			path = View;
			sourceTree = "<group>";
		};
		844813E72768DC48009B0D8A /* View */ = {
			isa = PBXGroup;
			children = (
				844813EC2768DD08009B0D8A /* EarthImageController.swift */,
				844D710D276B3FD800A33BB5 /* EarthImageView.swift */,
			);
			path = View;
			sourceTree = "<group>";
		};
		844D70FE276B332F00A33BB5 /* Model */ = {
			isa = PBXGroup;
			children = (
				844D7101276B350800A33BB5 /* LocationRequestResource.swift */,
				844D7107276B3A2500A33BB5 /* EarthImage.swift */,
			);
			path = Model;
			sourceTree = "<group>";
		};
		844D70FF276B333A00A33BB5 /* ViewModel */ = {
			isa = PBXGroup;
			children = (
				844D710B276B3D4100A33BB5 /* EarthImageViewModel.swift */,
			);
			path = ViewModel;
			sourceTree = "<group>";
		};
		844D7100276B334300A33BB5 /* Service */ = {
			isa = PBXGroup;
			children = (
				844D7105276B38B900A33BB5 /* EarthImageService.swift */,
			);
			path = Service;
			sourceTree = "<group>";
		};
		844D710F276B635800A33BB5 /* Service */ = {
			isa = PBXGroup;
			children = (
				844D7114276B744200A33BB5 /* EpicImageService.swift */,
			);
			path = Service;
			sourceTree = "<group>";
		};
		844D7110276B636300A33BB5 /* Model */ = {
			isa = PBXGroup;
			children = (
				844D7112276B73B500A33BB5 /* DateResponseResource.swift */,
				844D7118276B74E400A33BB5 /* AvailableDate.swift */,
				844D711A276B795C00A33BB5 /* EPICImageResponseResource.swift */,
				844D711C276B79C900A33BB5 /* LocationResponseResource.swift */,
				844D711E276B79D200A33BB5 /* PositionResponseResource.swift */,
				844D7120276B7B9800A33BB5 /* CoordinateResponseResource.swift */,
				844D7122276B7BF800A33BB5 /* AttitudeResponseResource.swift */,
				844D7124276B87BB00A33BB5 /* EPICImage.swift */,
				844D7128276B8E8500A33BB5 /* EPICImageRequestResource.swift */,
			);
			path = Model;
			sourceTree = "<group>";
		};
		844D7111276B636800A33BB5 /* ViewModel */ = {
			isa = PBXGroup;
			children = (
				844D712A276B946B00A33BB5 /* EPICImageViewModel.swift */,
			);
			path = ViewModel;
			sourceTree = "<group>";
		};
		844D712C276B958100A33BB5 /* Cell */ = {
			isa = PBXGroup;
			children = (
				844D7130276B95AB00A33BB5 /* EPICImageCell.swift */,
				844D7132276B961700A33BB5 /* EPICDatePickerCell.swift */,
			);
			path = Cell;
			sourceTree = "<group>";
		};
		844D712D276B958A00A33BB5 /* Controller */ = {
			isa = PBXGroup;
			children = (
				844813EE2768DD32009B0D8A /* EpicAPIImageController.swift */,
			);
			path = Controller;
			sourceTree = "<group>";
		};
		84C7CCEE2769E03E00868B08 /* Shared */ = {
			isa = PBXGroup;
			children = (
				84C7CD11276A1B2300868B08 /* Extension */,
				84C7CD0E2769FD1300868B08 /* Assembler */,
				84C7CD072769EEAD00868B08 /* Enum */,
				84C7CD062769EE9200868B08 /* Service */,
				84C7CD042769EC6000868B08 /* Endpoint.swift */,
			);
			path = Shared;
			sourceTree = "<group>";
		};
		84C7CCF32769E06F00868B08 /* Service */ = {
			isa = PBXGroup;
			children = (
				84C7CCF62769E0A000868B08 /* AstronomyPictureService.swift */,
			);
			path = Service;
			sourceTree = "<group>";
		};
		84C7CCF42769E07600868B08 /* Model */ = {
			isa = PBXGroup;
			children = (
				84C7CCF82769E0BB00868B08 /* AstronomyPictureResponseResource.swift */,
				84C7CD0C2769FCBF00868B08 /* AstronomyPicture.swift */,
			);
			path = Model;
			sourceTree = "<group>";
		};
		84C7CCF52769E07C00868B08 /* ViewModel */ = {
			isa = PBXGroup;
			children = (
				84C7CCFA2769E0D300868B08 /* AstronomyPictureViewModel.swift */,
			);
			path = ViewModel;
			sourceTree = "<group>";
		};
		84C7CCFC2769E2AE00868B08 /* Cell */ = {
			isa = PBXGroup;
			children = (
				84C7CCFE2769E2E000868B08 /* AstronomyPictureCell.swift */,
				84C7CD002769E41E00868B08 /* DatePickerCell.swift */,
			);
			path = Cell;
			sourceTree = "<group>";
		};
		84C7CCFD2769E2B800868B08 /* Controller */ = {
			isa = PBXGroup;
			children = (
				844813EA2768DCD7009B0D8A /* AstronomyPictureController.swift */,
			);
			path = Controller;
			sourceTree = "<group>";
		};
		84C7CD062769EE9200868B08 /* Service */ = {
			isa = PBXGroup;
			children = (
				84C7CCF12769E06200868B08 /* HTTPService.swift */,
				84C7CD0A2769FA7D00868B08 /* ImageLoader.swift */,
			);
			path = Service;
			sourceTree = "<group>";
		};
		84C7CD072769EEAD00868B08 /* Enum */ = {
			isa = PBXGroup;
			children = (
				84C7CD082769EEB900868B08 /* NetworkError.swift */,
			);
			path = Enum;
			sourceTree = "<group>";
		};
		84C7CD0E2769FD1300868B08 /* Assembler */ = {
			isa = PBXGroup;
			children = (
				84C7CD0F2769FD2E00868B08 /* AstronomyPictureAssembler.swift */,
				84A28E2A276A33C7009D5EDC /* ImageAssembler.swift */,
				844D7109276B3BD700A33BB5 /* EarthImageAssembler.swift */,
				844D7116276B748900A33BB5 /* DateAssembler.swift */,
				844D7126276B87E200A33BB5 /* EPICImageAssembler.swift */,
			);
			path = Assembler;
			sourceTree = "<group>";
		};
		84C7CD11276A1B2300868B08 /* Extension */ = {
			isa = PBXGroup;
			children = (
				84C7CD12276A1B3400868B08 /* TextField.swift */,
				844D7134276BA44E00A33BB5 /* Array.swift */,
			);
			path = Extension;
			sourceTree = "<group>";
		};
/* End PBXGroup section */

/* Begin PBXNativeTarget section */
		844813BB2768C824009B0D8A /* edentechlabs-interview-task */ = {
			isa = PBXNativeTarget;
			buildConfigurationList = 844813D92768C826009B0D8A /* Build configuration list for PBXNativeTarget "edentechlabs-interview-task" */;
			buildPhases = (
				844813B82768C824009B0D8A /* Sources */,
				844813B92768C824009B0D8A /* Frameworks */,
				844813BA2768C824009B0D8A /* Resources */,
			);
			buildRules = (
			);
			dependencies = (
			);
			name = "edentechlabs-interview-task";
			productName = "edentechlabs-interview-task";
			productReference = 844813BC2768C824009B0D8A /* edentechlabs-interview-task.app */;
			productType = "com.apple.product-type.application";
		};
		844813CF2768C826009B0D8A /* edentechlabs-interview-taskTests */ = {
			isa = PBXNativeTarget;
			buildConfigurationList = 844813DC2768C826009B0D8A /* Build configuration list for PBXNativeTarget "edentechlabs-interview-taskTests" */;
			buildPhases = (
				844813CC2768C826009B0D8A /* Sources */,
				844813CD2768C826009B0D8A /* Frameworks */,
				844813CE2768C826009B0D8A /* Resources */,
			);
			buildRules = (
			);
			dependencies = (
				844813D22768C826009B0D8A /* PBXTargetDependency */,
			);
			name = "edentechlabs-interview-taskTests";
			productName = "edentechlabs-interview-taskTests";
			productReference = 844813D02768C826009B0D8A /* edentechlabs-interview-taskTests.xctest */;
			productType = "com.apple.product-type.bundle.unit-test";
		};
/* End PBXNativeTarget section */

/* Begin PBXProject section */
		844813B42768C824009B0D8A /* Project object */ = {
			isa = PBXProject;
			attributes = {
				LastSwiftUpdateCheck = 1000;
				LastUpgradeCheck = 1000;
				ORGANIZATIONNAME = Admin;
				TargetAttributes = {
					844813BB2768C824009B0D8A = {
						CreatedOnToolsVersion = 10.0;
					};
					844813CF2768C826009B0D8A = {
						CreatedOnToolsVersion = 10.0;
						TestTargetID = 844813BB2768C824009B0D8A;
					};
				};
			};
			buildConfigurationList = 844813B72768C824009B0D8A /* Build configuration list for PBXProject "edentechlabs-interview-task" */;
			compatibilityVersion = "Xcode 9.3";
			developmentRegion = en;
			hasScannedForEncodings = 0;
			knownRegions = (
				en,
				Base,
			);
			mainGroup = 844813B32768C824009B0D8A;
			productRefGroup = 844813BD2768C824009B0D8A /* Products */;
			projectDirPath = "";
			projectRoot = "";
			targets = (
				844813BB2768C824009B0D8A /* edentechlabs-interview-task */,
				844813CF2768C826009B0D8A /* edentechlabs-interview-taskTests */,
			);
		};
/* End PBXProject section */

/* Begin PBXResourcesBuildPhase section */
		844813BA2768C824009B0D8A /* Resources */ = {
			isa = PBXResourcesBuildPhase;
			buildActionMask = 2147483647;
			files = (
				844813CA2768C826009B0D8A /* LaunchScreen.storyboard in Resources */,
				844813C72768C826009B0D8A /* Assets.xcassets in Resources */,
				844813C52768C824009B0D8A /* Main.storyboard in Resources */,
			);
			runOnlyForDeploymentPostprocessing = 0;
		};
		844813CE2768C826009B0D8A /* Resources */ = {
			isa = PBXResourcesBuildPhase;
			buildActionMask = 2147483647;
			files = (
			);
			runOnlyForDeploymentPostprocessing = 0;
		};
/* End PBXResourcesBuildPhase section */

/* Begin PBXSourcesBuildPhase section */
		844813B82768C824009B0D8A /* Sources */ = {
			isa = PBXSourcesBuildPhase;
			buildActionMask = 2147483647;
			files = (
				844D710E276B3FD800A33BB5 /* EarthImageView.swift in Sources */,
				844D712B276B946B00A33BB5 /* EPICImageViewModel.swift in Sources */,
				844813E42768DA37009B0D8A /* TabBarController.swift in Sources */,
				84C7CD092769EEB900868B08 /* NetworkError.swift in Sources */,
				844D711B276B795C00A33BB5 /* EPICImageResponseResource.swift in Sources */,
				844D7123276B7BF800A33BB5 /* AttitudeResponseResource.swift in Sources */,
				844D7108276B3A2500A33BB5 /* EarthImage.swift in Sources */,
				84C7CCF72769E0A000868B08 /* AstronomyPictureService.swift in Sources */,
				84C7CCF92769E0BB00868B08 /* AstronomyPictureResponseResource.swift in Sources */,
				844D7117276B748900A33BB5 /* DateAssembler.swift in Sources */,
				844D7131276B95AB00A33BB5 /* EPICImageCell.swift in Sources */,
				84A28E2B276A33C7009D5EDC /* ImageAssembler.swift in Sources */,
				84C7CD052769EC6000868B08 /* Endpoint.swift in Sources */,
				844813EF2768DD32009B0D8A /* EpicAPIImageController.swift in Sources */,
				84C7CCFB2769E0D300868B08 /* AstronomyPictureViewModel.swift in Sources */,
				844D7135276BA44E00A33BB5 /* Array.swift in Sources */,
				844D7115276B744200A33BB5 /* EpicImageService.swift in Sources */,
				844D7133276B961700A33BB5 /* EPICDatePickerCell.swift in Sources */,
				844813ED2768DD08009B0D8A /* EarthImageController.swift in Sources */,
				844813C22768C824009B0D8A /* ViewController.swift in Sources */,
				84C7CD0D2769FCBF00868B08 /* AstronomyPicture.swift in Sources */,
				844813EB2768DCD7009B0D8A /* AstronomyPictureController.swift in Sources */,
				844D7113276B73B500A33BB5 /* DateResponseResource.swift in Sources */,
				844D7129276B8E8500A33BB5 /* EPICImageRequestResource.swift in Sources */,
				844D710A276B3BD700A33BB5 /* EarthImageAssembler.swift in Sources */,
				84C7CD0B2769FA7D00868B08 /* ImageLoader.swift in Sources */,
				84C7CD102769FD2E00868B08 /* AstronomyPictureAssembler.swift in Sources */,
				844D7102276B350800A33BB5 /* LocationRequestResource.swift in Sources */,
				84C7CCFF2769E2E000868B08 /* AstronomyPictureCell.swift in Sources */,
				84C7CCF22769E06200868B08 /* HTTPService.swift in Sources */,
				844D7127276B87E200A33BB5 /* EPICImageAssembler.swift in Sources */,
				844D7106276B38B900A33BB5 /* EarthImageService.swift in Sources */,
				84C7CD13276A1B3400868B08 /* TextField.swift in Sources */,
				844813C02768C824009B0D8A /* AppDelegate.swift in Sources */,
				844D7121276B7B9800A33BB5 /* CoordinateResponseResource.swift in Sources */,
				844D7119276B74E400A33BB5 /* AvailableDate.swift in Sources */,
				844D711D276B79C900A33BB5 /* LocationResponseResource.swift in Sources */,
				844D7125276B87BB00A33BB5 /* EPICImage.swift in Sources */,
				84C7CD012769E41E00868B08 /* DatePickerCell.swift in Sources */,
				844D711F276B79D200A33BB5 /* PositionResponseResource.swift in Sources */,
				844D710C276B3D4100A33BB5 /* EarthImageViewModel.swift in Sources */,
			);
			runOnlyForDeploymentPostprocessing = 0;
		};
		844813CC2768C826009B0D8A /* Sources */ = {
			isa = PBXSourcesBuildPhase;
			buildActionMask = 2147483647;
			files = (
				844813D52768C826009B0D8A /* edentechlabs_interview_taskTests.swift in Sources */,
			);
			runOnlyForDeploymentPostprocessing = 0;
		};
/* End PBXSourcesBuildPhase section */

/* Begin PBXTargetDependency section */
		844813D22768C826009B0D8A /* PBXTargetDependency */ = {
			isa = PBXTargetDependency;
			target = 844813BB2768C824009B0D8A /* edentechlabs-interview-task */;
			targetProxy = 844813D12768C826009B0D8A /* PBXContainerItemProxy */;
		};
/* End PBXTargetDependency section */

/* Begin PBXVariantGroup section */
		844813C32768C824009B0D8A /* Main.storyboard */ = {
			isa = PBXVariantGroup;
			children = (
				844813C42768C824009B0D8A /* Base */,
			);
			name = Main.storyboard;
			sourceTree = "<group>";
		};
		844813C82768C826009B0D8A /* LaunchScreen.storyboard */ = {
			isa = PBXVariantGroup;
			children = (
				844813C92768C826009B0D8A /* Base */,
			);
			name = LaunchScreen.storyboard;
			sourceTree = "<group>";
		};
/* End PBXVariantGroup section */

/* Begin XCBuildConfiguration section */
		844813D72768C826009B0D8A /* Debug */ = {
			isa = XCBuildConfiguration;
			buildSettings = {
				ALWAYS_SEARCH_USER_PATHS = NO;
				CLANG_ANALYZER_NONNULL = YES;
				CLANG_ANALYZER_NUMBER_OBJECT_CONVERSION = YES_AGGRESSIVE;
				CLANG_CXX_LANGUAGE_STANDARD = "gnu++14";
				CLANG_CXX_LIBRARY = "libc++";
				CLANG_ENABLE_MODULES = YES;
				CLANG_ENABLE_OBJC_ARC = YES;
				CLANG_ENABLE_OBJC_WEAK = YES;
				CLANG_WARN_BLOCK_CAPTURE_AUTORELEASING = YES;
				CLANG_WARN_BOOL_CONVERSION = YES;
				CLANG_WARN_COMMA = YES;
				CLANG_WARN_CONSTANT_CONVERSION = YES;
				CLANG_WARN_DEPRECATED_OBJC_IMPLEMENTATIONS = YES;
				CLANG_WARN_DIRECT_OBJC_ISA_USAGE = YES_ERROR;
				CLANG_WARN_DOCUMENTATION_COMMENTS = YES;
				CLANG_WARN_EMPTY_BODY = YES;
				CLANG_WARN_ENUM_CONVERSION = YES;
				CLANG_WARN_INFINITE_RECURSION = YES;
				CLANG_WARN_INT_CONVERSION = YES;
				CLANG_WARN_NON_LITERAL_NULL_CONVERSION = YES;
				CLANG_WARN_OBJC_IMPLICIT_RETAIN_SELF = YES;
				CLANG_WARN_OBJC_LITERAL_CONVERSION = YES;
				CLANG_WARN_OBJC_ROOT_CLASS = YES_ERROR;
				CLANG_WARN_RANGE_LOOP_ANALYSIS = YES;
				CLANG_WARN_STRICT_PROTOTYPES = YES;
				CLANG_WARN_SUSPICIOUS_MOVE = YES;
				CLANG_WARN_UNGUARDED_AVAILABILITY = YES_AGGRESSIVE;
				CLANG_WARN_UNREACHABLE_CODE = YES;
				CLANG_WARN__DUPLICATE_METHOD_MATCH = YES;
				CODE_SIGN_IDENTITY = "iPhone Developer";
				COPY_PHASE_STRIP = NO;
				DEBUG_INFORMATION_FORMAT = dwarf;
				ENABLE_STRICT_OBJC_MSGSEND = YES;
				ENABLE_TESTABILITY = YES;
				GCC_C_LANGUAGE_STANDARD = gnu11;
				GCC_DYNAMIC_NO_PIC = NO;
				GCC_NO_COMMON_BLOCKS = YES;
				GCC_OPTIMIZATION_LEVEL = 0;
				GCC_PREPROCESSOR_DEFINITIONS = (
					"DEBUG=1",
					"$(inherited)",
				);
				GCC_WARN_64_TO_32_BIT_CONVERSION = YES;
				GCC_WARN_ABOUT_RETURN_TYPE = YES_ERROR;
				GCC_WARN_UNDECLARED_SELECTOR = YES;
				GCC_WARN_UNINITIALIZED_AUTOS = YES_AGGRESSIVE;
				GCC_WARN_UNUSED_FUNCTION = YES;
				GCC_WARN_UNUSED_VARIABLE = YES;
				IPHONEOS_DEPLOYMENT_TARGET = 12.0;
				MTL_ENABLE_DEBUG_INFO = INCLUDE_SOURCE;
				MTL_FAST_MATH = YES;
				ONLY_ACTIVE_ARCH = YES;
				SDKROOT = iphoneos;
				SWIFT_ACTIVE_COMPILATION_CONDITIONS = DEBUG;
				SWIFT_OPTIMIZATION_LEVEL = "-Onone";
			};
			name = Debug;
		};
		844813D82768C826009B0D8A /* Release */ = {
			isa = XCBuildConfiguration;
			buildSettings = {
				ALWAYS_SEARCH_USER_PATHS = NO;
				CLANG_ANALYZER_NONNULL = YES;
				CLANG_ANALYZER_NUMBER_OBJECT_CONVERSION = YES_AGGRESSIVE;
				CLANG_CXX_LANGUAGE_STANDARD = "gnu++14";
				CLANG_CXX_LIBRARY = "libc++";
				CLANG_ENABLE_MODULES = YES;
				CLANG_ENABLE_OBJC_ARC = YES;
				CLANG_ENABLE_OBJC_WEAK = YES;
				CLANG_WARN_BLOCK_CAPTURE_AUTORELEASING = YES;
				CLANG_WARN_BOOL_CONVERSION = YES;
				CLANG_WARN_COMMA = YES;
				CLANG_WARN_CONSTANT_CONVERSION = YES;
				CLANG_WARN_DEPRECATED_OBJC_IMPLEMENTATIONS = YES;
				CLANG_WARN_DIRECT_OBJC_ISA_USAGE = YES_ERROR;
				CLANG_WARN_DOCUMENTATION_COMMENTS = YES;
				CLANG_WARN_EMPTY_BODY = YES;
				CLANG_WARN_ENUM_CONVERSION = YES;
				CLANG_WARN_INFINITE_RECURSION = YES;
				CLANG_WARN_INT_CONVERSION = YES;
				CLANG_WARN_NON_LITERAL_NULL_CONVERSION = YES;
				CLANG_WARN_OBJC_IMPLICIT_RETAIN_SELF = YES;
				CLANG_WARN_OBJC_LITERAL_CONVERSION = YES;
				CLANG_WARN_OBJC_ROOT_CLASS = YES_ERROR;
				CLANG_WARN_RANGE_LOOP_ANALYSIS = YES;
				CLANG_WARN_STRICT_PROTOTYPES = YES;
				CLANG_WARN_SUSPICIOUS_MOVE = YES;
				CLANG_WARN_UNGUARDED_AVAILABILITY = YES_AGGRESSIVE;
				CLANG_WARN_UNREACHABLE_CODE = YES;
				CLANG_WARN__DUPLICATE_METHOD_MATCH = YES;
				CODE_SIGN_IDENTITY = "iPhone Developer";
				COPY_PHASE_STRIP = NO;
				DEBUG_INFORMATION_FORMAT = "dwarf-with-dsym";
				ENABLE_NS_ASSERTIONS = NO;
				ENABLE_STRICT_OBJC_MSGSEND = YES;
				GCC_C_LANGUAGE_STANDARD = gnu11;
				GCC_NO_COMMON_BLOCKS = YES;
				GCC_WARN_64_TO_32_BIT_CONVERSION = YES;
				GCC_WARN_ABOUT_RETURN_TYPE = YES_ERROR;
				GCC_WARN_UNDECLARED_SELECTOR = YES;
				GCC_WARN_UNINITIALIZED_AUTOS = YES_AGGRESSIVE;
				GCC_WARN_UNUSED_FUNCTION = YES;
				GCC_WARN_UNUSED_VARIABLE = YES;
				IPHONEOS_DEPLOYMENT_TARGET = 12.0;
				MTL_ENABLE_DEBUG_INFO = NO;
				MTL_FAST_MATH = YES;
				SDKROOT = iphoneos;
				SWIFT_COMPILATION_MODE = wholemodule;
				SWIFT_OPTIMIZATION_LEVEL = "-O";
				VALIDATE_PRODUCT = YES;
			};
			name = Release;
		};
		844813DA2768C826009B0D8A /* Debug */ = {
			isa = XCBuildConfiguration;
			buildSettings = {
				ASSETCATALOG_COMPILER_APPICON_NAME = AppIcon;
				CODE_SIGN_STYLE = Automatic;
				INFOPLIST_FILE = "edentechlabs-interview-task/Info.plist";
				LD_RUNPATH_SEARCH_PATHS = (
					"$(inherited)",
					"@executable_path/Frameworks",
				);
				PRODUCT_BUNDLE_IDENTIFIER = "kolyo.dimitrov.edentechlabs-interview-task";
				PRODUCT_NAME = "$(TARGET_NAME)";
				SWIFT_VERSION = 4.2;
				TARGETED_DEVICE_FAMILY = "1,2";
			};
			name = Debug;
		};
		844813DB2768C826009B0D8A /* Release */ = {
			isa = XCBuildConfiguration;
			buildSettings = {
				ASSETCATALOG_COMPILER_APPICON_NAME = AppIcon;
				CODE_SIGN_STYLE = Automatic;
				INFOPLIST_FILE = "edentechlabs-interview-task/Info.plist";
				LD_RUNPATH_SEARCH_PATHS = (
					"$(inherited)",
					"@executable_path/Frameworks",
				);
				PRODUCT_BUNDLE_IDENTIFIER = "kolyo.dimitrov.edentechlabs-interview-task";
				PRODUCT_NAME = "$(TARGET_NAME)";
				SWIFT_VERSION = 4.2;
				TARGETED_DEVICE_FAMILY = "1,2";
			};
			name = Release;
		};
		844813DD2768C826009B0D8A /* Debug */ = {
			isa = XCBuildConfiguration;
			buildSettings = {
				ALWAYS_EMBED_SWIFT_STANDARD_LIBRARIES = YES;
				BUNDLE_LOADER = "$(TEST_HOST)";
				CODE_SIGN_STYLE = Automatic;
				INFOPLIST_FILE = "edentechlabs-interview-taskTests/Info.plist";
				LD_RUNPATH_SEARCH_PATHS = (
					"$(inherited)",
					"@executable_path/Frameworks",
					"@loader_path/Frameworks",
				);
				PRODUCT_BUNDLE_IDENTIFIER = "kolyo.dimitrov.edentechlabs-interview-taskTests";
				PRODUCT_NAME = "$(TARGET_NAME)";
				SWIFT_VERSION = 4.2;
				TARGETED_DEVICE_FAMILY = "1,2";
				TEST_HOST = "$(BUILT_PRODUCTS_DIR)/edentechlabs-interview-task.app/edentechlabs-interview-task";
			};
			name = Debug;
		};
		844813DE2768C826009B0D8A /* Release */ = {
			isa = XCBuildConfiguration;
			buildSettings = {
				ALWAYS_EMBED_SWIFT_STANDARD_LIBRARIES = YES;
				BUNDLE_LOADER = "$(TEST_HOST)";
				CODE_SIGN_STYLE = Automatic;
				INFOPLIST_FILE = "edentechlabs-interview-taskTests/Info.plist";
				LD_RUNPATH_SEARCH_PATHS = (
					"$(inherited)",
					"@executable_path/Frameworks",
					"@loader_path/Frameworks",
				);
				PRODUCT_BUNDLE_IDENTIFIER = "kolyo.dimitrov.edentechlabs-interview-taskTests";
				PRODUCT_NAME = "$(TARGET_NAME)";
				SWIFT_VERSION = 4.2;
				TARGETED_DEVICE_FAMILY = "1,2";
				TEST_HOST = "$(BUILT_PRODUCTS_DIR)/edentechlabs-interview-task.app/edentechlabs-interview-task";
			};
			name = Release;
		};
/* End XCBuildConfiguration section */

/* Begin XCConfigurationList section */
		844813B72768C824009B0D8A /* Build configuration list for PBXProject "edentechlabs-interview-task" */ = {
			isa = XCConfigurationList;
			buildConfigurations = (
				844813D72768C826009B0D8A /* Debug */,
				844813D82768C826009B0D8A /* Release */,
			);
			defaultConfigurationIsVisible = 0;
			defaultConfigurationName = Release;
		};
		844813D92768C826009B0D8A /* Build configuration list for PBXNativeTarget "edentechlabs-interview-task" */ = {
			isa = XCConfigurationList;
			buildConfigurations = (
				844813DA2768C826009B0D8A /* Debug */,
				844813DB2768C826009B0D8A /* Release */,
			);
			defaultConfigurationIsVisible = 0;
			defaultConfigurationName = Release;
		};
		844813DC2768C826009B0D8A /* Build configuration list for PBXNativeTarget "edentechlabs-interview-taskTests" */ = {
			isa = XCConfigurationList;
			buildConfigurations = (
				844813DD2768C826009B0D8A /* Debug */,
				844813DE2768C826009B0D8A /* Release */,
			);
			defaultConfigurationIsVisible = 0;
			defaultConfigurationName = Release;
		};
/* End XCConfigurationList section */
	};
	rootObject = 844813B42768C824009B0D8A /* Project object */;
}
