// !$*UTF8*$!
{
	archiveVersion = 1;
	classes = {
	};
	objectVersion = 50;
	objects = {

/* Begin PBXBuildFile section */
		844813C02768C824009B0D8A /* AppDelegate.swift in Sources */ = {isa = PBXBuildFile; fileRef = 844813BF2768C824009B0D8A /* AppDelegate.swift */; };
		844813C22768C824009B0D8A /* ViewController.swift in Sources */ = {isa = PBXBuildFile; fileRef = 844813C12768C824009B0D8A /* ViewController.swift */; };
		844813C52768C824009B0D8A /* Main.storyboard in Resources */ = {isa = PBXBuildFile; fileRef = 844813C32768C824009B0D8A /* Main.storyboard */; };
		844813C72768C826009B0D8A /* Assets.xcassets in Resources */ = {isa = PBXBuildFile; fileRef = 844813C62768C826009B0D8A /* Assets.xcassets */; };
		844813CA2768C826009B0D8A /* LaunchScreen.storyboard in Resources */ = {isa = PBXBuildFile; fileRef = 844813C82768C826009B0D8A /* LaunchScreen.storyboard */; };
		844813D52768C826009B0D8A /* edentechlabs_interview_taskTests.swift in Sources */ = {isa = PBXBuildFile; fileRef = 844813D42768C826009B0D8A /* edentechlabs_interview_taskTests.swift */; };
		844813E42768DA37009B0D8A /* TabBarController.swift in Sources */ = {isa = PBXBuildFile; fileRef = 844813E32768DA37009B0D8A /* TabBarController.swift */; };
		844813EB2768DCD7009B0D8A /* AstronomyPictureController.swift in Sources */ = {isa = PBXBuildFile; fileRef = 844813EA2768DCD7009B0D8A /* AstronomyPictureController.swift */; };
		844813ED2768DD08009B0D8A /* EarthImageController.swift in Sources */ = {isa = PBXBuildFile; fileRef = 844813EC2768DD08009B0D8A /* EarthImageController.swift */; };
		844813EF2768DD32009B0D8A /* EpicAPIImageController.swift in Sources */ = {isa = PBXBuildFile; fileRef = 844813EE2768DD32009B0D8A /* EpicAPIImageController.swift */; };
/* End PBXBuildFile section */

/* Begin PBXContainerItemProxy section */
		844813D12768C826009B0D8A /* PBXContainerItemProxy */ = {
			isa = PBXContainerItemProxy;
			containerPortal = 844813B42768C824009B0D8A /* Project object */;
			proxyType = 1;
			remoteGlobalIDString = 844813BB2768C824009B0D8A;
			remoteInfo = "edentechlabs-interview-task";
		};
/* End PBXContainerItemProxy section */

/* Begin PBXFileReference section */
		844813BC2768C824009B0D8A /* edentechlabs-interview-task.app */ = {isa = PBXFileReference; explicitFileType = wrapper.application; includeInIndex = 0; path = "edentechlabs-interview-task.app"; sourceTree = BUILT_PRODUCTS_DIR; };
		844813BF2768C824009B0D8A /* AppDelegate.swift */ = {isa = PBXFileReference; lastKnownFileType = sourcecode.swift; path = AppDelegate.swift; sourceTree = "<group>"; };
		844813C12768C824009B0D8A /* ViewController.swift */ = {isa = PBXFileReference; lastKnownFileType = sourcecode.swift; path = ViewController.swift; sourceTree = "<group>"; };
		844813C42768C824009B0D8A /* Base */ = {isa = PBXFileReference; lastKnownFileType = file.storyboard; name = Base; path = Base.lproj/Main.storyboard; sourceTree = "<group>"; };
		844813C62768C826009B0D8A /* Assets.xcassets */ = {isa = PBXFileReference; lastKnownFileType = folder.assetcatalog; path = Assets.xcassets; sourceTree = "<group>"; };
		844813C92768C826009B0D8A /* Base */ = {isa = PBXFileReference; lastKnownFileType = file.storyboard; name = Base; path = Base.lproj/LaunchScreen.storyboard; sourceTree = "<group>"; };
		844813CB2768C826009B0D8A /* Info.plist */ = {isa = PBXFileReference; lastKnownFileType = text.plist.xml; path = Info.plist; sourceTree = "<group>"; };
		844813D02768C826009B0D8A /* edentechlabs-interview-taskTests.xctest */ = {isa = PBXFileReference; explicitFileType = wrapper.cfbundle; includeInIndex = 0; path = "edentechlabs-interview-taskTests.xctest"; sourceTree = BUILT_PRODUCTS_DIR; };
		844813D42768C826009B0D8A /* edentechlabs_interview_taskTests.swift */ = {isa = PBXFileReference; lastKnownFileType = sourcecode.swift; path = edentechlabs_interview_taskTests.swift; sourceTree = "<group>"; };
		844813D62768C826009B0D8A /* Info.plist */ = {isa = PBXFileReference; lastKnownFileType = text.plist.xml; path = Info.plist; sourceTree = "<group>"; };
		844813E32768DA37009B0D8A /* TabBarController.swift */ = {isa = PBXFileReference; lastKnownFileType = sourcecode.swift; path = TabBarController.swift; sourceTree = "<group>"; };
		844813EA2768DCD7009B0D8A /* AstronomyPictureController.swift */ = {isa = PBXFileReference; lastKnownFileType = sourcecode.swift; path = AstronomyPictureController.swift; sourceTree = "<group>"; };
		844813EC2768DD08009B0D8A /* EarthImageController.swift */ = {isa = PBXFileReference; lastKnownFileType = sourcecode.swift; path = EarthImageController.swift; sourceTree = "<group>"; };
		844813EE2768DD32009B0D8A /* EpicAPIImageController.swift */ = {isa = PBXFileReference; lastKnownFileType = sourcecode.swift; path = EpicAPIImageController.swift; sourceTree = "<group>"; };
/* End PBXFileReference section */

/* Begin PBXFrameworksBuildPhase section */
		844813B92768C824009B0D8A /* Frameworks */ = {
			isa = PBXFrameworksBuildPhase;
			buildActionMask = 2147483647;
			files = (
			);
			runOnlyForDeploymentPostprocessing = 0;
		};
		844813CD2768C826009B0D8A /* Frameworks */ = {
			isa = PBXFrameworksBuildPhase;
			buildActionMask = 2147483647;
			files = (
			);
			runOnlyForDeploymentPostprocessing = 0;
		};
/* End PBXFrameworksBuildPhase section */

/* Begin PBXGroup section */
		844813B32768C824009B0D8A = {
			isa = PBXGroup;
			children = (
				844813BE2768C824009B0D8A /* edentechlabs-interview-task */,
				844813D32768C826009B0D8A /* edentechlabs-interview-taskTests */,
				844813BD2768C824009B0D8A /* Products */,
			);
			sourceTree = "<group>";
		};
		844813BD2768C824009B0D8A /* Products */ = {
			isa = PBXGroup;
			children = (
				844813BC2768C824009B0D8A /* edentechlabs-interview-task.app */,
				844813D02768C826009B0D8A /* edentechlabs-interview-taskTests.xctest */,
			);
			name = Products;
			sourceTree = "<group>";
		};
		844813BE2768C824009B0D8A /* edentechlabs-interview-task */ = {
			isa = PBXGroup;
			children = (
				844813E22768D7BD009B0D8A /* TabBar */,
				844813E12768D657009B0D8A /* showImageFromEpicAPI */,
				844813E02768D646009B0D8A /* showImageFromEarth */,
				844813DF2768D638009B0D8A /* showAstronomyPicture */,
				844813BF2768C824009B0D8A /* AppDelegate.swift */,
				844813C12768C824009B0D8A /* ViewController.swift */,
				844813C32768C824009B0D8A /* Main.storyboard */,
				844813C62768C826009B0D8A /* Assets.xcassets */,
				844813C82768C826009B0D8A /* LaunchScreen.storyboard */,
				844813CB2768C826009B0D8A /* Info.plist */,
			);
			path = "edentechlabs-interview-task";
			sourceTree = "<group>";
		};
		844813D32768C826009B0D8A /* edentechlabs-interview-taskTests */ = {
			isa = PBXGroup;
			children = (
				844813D42768C826009B0D8A /* edentechlabs_interview_taskTests.swift */,
				844813D62768C826009B0D8A /* Info.plist */,
			);
			path = "edentechlabs-interview-taskTests";
			sourceTree = "<group>";
		};
		844813DF2768D638009B0D8A /* showAstronomyPicture */ = {
			isa = PBXGroup;
			children = (
				844813E62768DC3E009B0D8A /* View */,
			);
			path = showAstronomyPicture;
			sourceTree = "<group>";
		};
		844813E02768D646009B0D8A /* showImageFromEarth */ = {
			isa = PBXGroup;
			children = (
				844813E72768DC48009B0D8A /* View */,
			);
			path = showImageFromEarth;
			sourceTree = "<group>";
		};
		844813E12768D657009B0D8A /* showImageFromEpicAPI */ = {
			isa = PBXGroup;
			children = (
				844813E52768DC36009B0D8A /* View */,
			);
			path = showImageFromEpicAPI;
			sourceTree = "<group>";
		};
		844813E22768D7BD009B0D8A /* TabBar */ = {
			isa = PBXGroup;
			children = (
				844813E32768DA37009B0D8A /* TabBarController.swift */,
			);
			path = TabBar;
			sourceTree = "<group>";
		};
		844813E52768DC36009B0D8A /* View */ = {
			isa = PBXGroup;
			children = (
				844813EE2768DD32009B0D8A /* EpicAPIImageController.swift */,
			);
			path = View;
			sourceTree = "<group>";
		};
		844813E62768DC3E009B0D8A /* View */ = {
			isa = PBXGroup;
			children = (
				844813EA2768DCD7009B0D8A /* AstronomyPictureController.swift */,
			);
			path = View;
			sourceTree = "<group>";
		};
		844813E72768DC48009B0D8A /* View */ = {
			isa = PBXGroup;
			children = (
				844813EC2768DD08009B0D8A /* EarthImageController.swift */,
			);
			path = View;
			sourceTree = "<group>";
		};
/* End PBXGroup section */

/* Begin PBXNativeTarget section */
		844813BB2768C824009B0D8A /* edentechlabs-interview-task */ = {
			isa = PBXNativeTarget;
			buildConfigurationList = 844813D92768C826009B0D8A /* Build configuration list for PBXNativeTarget "edentechlabs-interview-task" */;
			buildPhases = (
				844813B82768C824009B0D8A /* Sources */,
				844813B92768C824009B0D8A /* Frameworks */,
				844813BA2768C824009B0D8A /* Resources */,
			);
			buildRules = (
			);
			dependencies = (
			);
			name = "edentechlabs-interview-task";
			productName = "edentechlabs-interview-task";
			productReference = 844813BC2768C824009B0D8A /* edentechlabs-interview-task.app */;
			productType = "com.apple.product-type.application";
		};
		844813CF2768C826009B0D8A /* edentechlabs-interview-taskTests */ = {
			isa = PBXNativeTarget;
			buildConfigurationList = 844813DC2768C826009B0D8A /* Build configuration list for PBXNativeTarget "edentechlabs-interview-taskTests" */;
			buildPhases = (
				844813CC2768C826009B0D8A /* Sources */,
				844813CD2768C826009B0D8A /* Frameworks */,
				844813CE2768C826009B0D8A /* Resources */,
			);
			buildRules = (
			);
			dependencies = (
				844813D22768C826009B0D8A /* PBXTargetDependency */,
			);
			name = "edentechlabs-interview-taskTests";
			productName = "edentechlabs-interview-taskTests";
			productReference = 844813D02768C826009B0D8A /* edentechlabs-interview-taskTests.xctest */;
			productType = "com.apple.product-type.bundle.unit-test";
		};
/* End PBXNativeTarget section */

/* Begin PBXProject section */
		844813B42768C824009B0D8A /* Project object */ = {
			isa = PBXProject;
			attributes = {
				LastSwiftUpdateCheck = 1000;
				LastUpgradeCheck = 1000;
				ORGANIZATIONNAME = Admin;
				TargetAttributes = {
					844813BB2768C824009B0D8A = {
						CreatedOnToolsVersion = 10.0;
					};
					844813CF2768C826009B0D8A = {
						CreatedOnToolsVersion = 10.0;
						TestTargetID = 844813BB2768C824009B0D8A;
					};
				};
			};
			buildConfigurationList = 844813B72768C824009B0D8A /* Build configuration list for PBXProject "edentechlabs-interview-task" */;
			compatibilityVersion = "Xcode 9.3";
			developmentRegion = en;
			hasScannedForEncodings = 0;
			knownRegions = (
				en,
				Base,
			);
			mainGroup = 844813B32768C824009B0D8A;
			productRefGroup = 844813BD2768C824009B0D8A /* Products */;
			projectDirPath = "";
			projectRoot = "";
			targets = (
				844813BB2768C824009B0D8A /* edentechlabs-interview-task */,
				844813CF2768C826009B0D8A /* edentechlabs-interview-taskTests */,
			);
		};
/* End PBXProject section */

/* Begin PBXResourcesBuildPhase section */
		844813BA2768C824009B0D8A /* Resources */ = {
			isa = PBXResourcesBuildPhase;
			buildActionMask = 2147483647;
			files = (
				844813CA2768C826009B0D8A /* LaunchScreen.storyboard in Resources */,
				844813C72768C826009B0D8A /* Assets.xcassets in Resources */,
				844813C52768C824009B0D8A /* Main.storyboard in Resources */,
			);
			runOnlyForDeploymentPostprocessing = 0;
		};
		844813CE2768C826009B0D8A /* Resources */ = {
			isa = PBXResourcesBuildPhase;
			buildActionMask = 2147483647;
			files = (
			);
			runOnlyForDeploymentPostprocessing = 0;
		};
/* End PBXResourcesBuildPhase section */

/* Begin PBXSourcesBuildPhase section */
		844813B82768C824009B0D8A /* Sources */ = {
			isa = PBXSourcesBuildPhase;
			buildActionMask = 2147483647;
			files = (
				844813E42768DA37009B0D8A /* TabBarController.swift in Sources */,
				844813EF2768DD32009B0D8A /* EpicAPIImageController.swift in Sources */,
				844813ED2768DD08009B0D8A /* EarthImageController.swift in Sources */,
				844813C22768C824009B0D8A /* ViewController.swift in Sources */,
				844813EB2768DCD7009B0D8A /* AstronomyPictureController.swift in Sources */,
				844813C02768C824009B0D8A /* AppDelegate.swift in Sources */,
			);
			runOnlyForDeploymentPostprocessing = 0;
		};
		844813CC2768C826009B0D8A /* Sources */ = {
			isa = PBXSourcesBuildPhase;
			buildActionMask = 2147483647;
			files = (
				844813D52768C826009B0D8A /* edentechlabs_interview_taskTests.swift in Sources */,
			);
			runOnlyForDeploymentPostprocessing = 0;
		};
/* End PBXSourcesBuildPhase section */

/* Begin PBXTargetDependency section */
		844813D22768C826009B0D8A /* PBXTargetDependency */ = {
			isa = PBXTargetDependency;
			target = 844813BB2768C824009B0D8A /* edentechlabs-interview-task */;
			targetProxy = 844813D12768C826009B0D8A /* PBXContainerItemProxy */;
		};
/* End PBXTargetDependency section */

/* Begin PBXVariantGroup section */
		844813C32768C824009B0D8A /* Main.storyboard */ = {
			isa = PBXVariantGroup;
			children = (
				844813C42768C824009B0D8A /* Base */,
			);
			name = Main.storyboard;
			sourceTree = "<group>";
		};
		844813C82768C826009B0D8A /* LaunchScreen.storyboard */ = {
			isa = PBXVariantGroup;
			children = (
				844813C92768C826009B0D8A /* Base */,
			);
			name = LaunchScreen.storyboard;
			sourceTree = "<group>";
		};
/* End PBXVariantGroup section */

/* Begin XCBuildConfiguration section */
		844813D72768C826009B0D8A /* Debug */ = {
			isa = XCBuildConfiguration;
			buildSettings = {
				ALWAYS_SEARCH_USER_PATHS = NO;
				CLANG_ANALYZER_NONNULL = YES;
				CLANG_ANALYZER_NUMBER_OBJECT_CONVERSION = YES_AGGRESSIVE;
				CLANG_CXX_LANGUAGE_STANDARD = "gnu++14";
				CLANG_CXX_LIBRARY = "libc++";
				CLANG_ENABLE_MODULES = YES;
				CLANG_ENABLE_OBJC_ARC = YES;
				CLANG_ENABLE_OBJC_WEAK = YES;
				CLANG_WARN_BLOCK_CAPTURE_AUTORELEASING = YES;
				CLANG_WARN_BOOL_CONVERSION = YES;
				CLANG_WARN_COMMA = YES;
				CLANG_WARN_CONSTANT_CONVERSION = YES;
				CLANG_WARN_DEPRECATED_OBJC_IMPLEMENTATIONS = YES;
				CLANG_WARN_DIRECT_OBJC_ISA_USAGE = YES_ERROR;
				CLANG_WARN_DOCUMENTATION_COMMENTS = YES;
				CLANG_WARN_EMPTY_BODY = YES;
				CLANG_WARN_ENUM_CONVERSION = YES;
				CLANG_WARN_INFINITE_RECURSION = YES;
				CLANG_WARN_INT_CONVERSION = YES;
				CLANG_WARN_NON_LITERAL_NULL_CONVERSION = YES;
				CLANG_WARN_OBJC_IMPLICIT_RETAIN_SELF = YES;
				CLANG_WARN_OBJC_LITERAL_CONVERSION = YES;
				CLANG_WARN_OBJC_ROOT_CLASS = YES_ERROR;
				CLANG_WARN_RANGE_LOOP_ANALYSIS = YES;
				CLANG_WARN_STRICT_PROTOTYPES = YES;
				CLANG_WARN_SUSPICIOUS_MOVE = YES;
				CLANG_WARN_UNGUARDED_AVAILABILITY = YES_AGGRESSIVE;
				CLANG_WARN_UNREACHABLE_CODE = YES;
				CLANG_WARN__DUPLICATE_METHOD_MATCH = YES;
				CODE_SIGN_IDENTITY = "iPhone Developer";
				COPY_PHASE_STRIP = NO;
				DEBUG_INFORMATION_FORMAT = dwarf;
				ENABLE_STRICT_OBJC_MSGSEND = YES;
				ENABLE_TESTABILITY = YES;
				GCC_C_LANGUAGE_STANDARD = gnu11;
				GCC_DYNAMIC_NO_PIC = NO;
				GCC_NO_COMMON_BLOCKS = YES;
				GCC_OPTIMIZATION_LEVEL = 0;
				GCC_PREPROCESSOR_DEFINITIONS = (
					"DEBUG=1",
					"$(inherited)",
				);
				GCC_WARN_64_TO_32_BIT_CONVERSION = YES;
				GCC_WARN_ABOUT_RETURN_TYPE = YES_ERROR;
				GCC_WARN_UNDECLARED_SELECTOR = YES;
				GCC_WARN_UNINITIALIZED_AUTOS = YES_AGGRESSIVE;
				GCC_WARN_UNUSED_FUNCTION = YES;
				GCC_WARN_UNUSED_VARIABLE = YES;
				IPHONEOS_DEPLOYMENT_TARGET = 12.0;
				MTL_ENABLE_DEBUG_INFO = INCLUDE_SOURCE;
				MTL_FAST_MATH = YES;
				ONLY_ACTIVE_ARCH = YES;
				SDKROOT = iphoneos;
				SWIFT_ACTIVE_COMPILATION_CONDITIONS = DEBUG;
				SWIFT_OPTIMIZATION_LEVEL = "-Onone";
			};
			name = Debug;
		};
		844813D82768C826009B0D8A /* Release */ = {
			isa = XCBuildConfiguration;
			buildSettings = {
				ALWAYS_SEARCH_USER_PATHS = NO;
				CLANG_ANALYZER_NONNULL = YES;
				CLANG_ANALYZER_NUMBER_OBJECT_CONVERSION = YES_AGGRESSIVE;
				CLANG_CXX_LANGUAGE_STANDARD = "gnu++14";
				CLANG_CXX_LIBRARY = "libc++";
				CLANG_ENABLE_MODULES = YES;
				CLANG_ENABLE_OBJC_ARC = YES;
				CLANG_ENABLE_OBJC_WEAK = YES;
				CLANG_WARN_BLOCK_CAPTURE_AUTORELEASING = YES;
				CLANG_WARN_BOOL_CONVERSION = YES;
				CLANG_WARN_COMMA = YES;
				CLANG_WARN_CONSTANT_CONVERSION = YES;
				CLANG_WARN_DEPRECATED_OBJC_IMPLEMENTATIONS = YES;
				CLANG_WARN_DIRECT_OBJC_ISA_USAGE = YES_ERROR;
				CLANG_WARN_DOCUMENTATION_COMMENTS = YES;
				CLANG_WARN_EMPTY_BODY = YES;
				CLANG_WARN_ENUM_CONVERSION = YES;
				CLANG_WARN_INFINITE_RECURSION = YES;
				CLANG_WARN_INT_CONVERSION = YES;
				CLANG_WARN_NON_LITERAL_NULL_CONVERSION = YES;
				CLANG_WARN_OBJC_IMPLICIT_RETAIN_SELF = YES;
				CLANG_WARN_OBJC_LITERAL_CONVERSION = YES;
				CLANG_WARN_OBJC_ROOT_CLASS = YES_ERROR;
				CLANG_WARN_RANGE_LOOP_ANALYSIS = YES;
				CLANG_WARN_STRICT_PROTOTYPES = YES;
				CLANG_WARN_SUSPICIOUS_MOVE = YES;
				CLANG_WARN_UNGUARDED_AVAILABILITY = YES_AGGRESSIVE;
				CLANG_WARN_UNREACHABLE_CODE = YES;
				CLANG_WARN__DUPLICATE_METHOD_MATCH = YES;
				CODE_SIGN_IDENTITY = "iPhone Developer";
				COPY_PHASE_STRIP = NO;
				DEBUG_INFORMATION_FORMAT = "dwarf-with-dsym";
				ENABLE_NS_ASSERTIONS = NO;
				ENABLE_STRICT_OBJC_MSGSEND = YES;
				GCC_C_LANGUAGE_STANDARD = gnu11;
				GCC_NO_COMMON_BLOCKS = YES;
				GCC_WARN_64_TO_32_BIT_CONVERSION = YES;
				GCC_WARN_ABOUT_RETURN_TYPE = YES_ERROR;
				GCC_WARN_UNDECLARED_SELECTOR = YES;
				GCC_WARN_UNINITIALIZED_AUTOS = YES_AGGRESSIVE;
				GCC_WARN_UNUSED_FUNCTION = YES;
				GCC_WARN_UNUSED_VARIABLE = YES;
				IPHONEOS_DEPLOYMENT_TARGET = 12.0;
				MTL_ENABLE_DEBUG_INFO = NO;
				MTL_FAST_MATH = YES;
				SDKROOT = iphoneos;
				SWIFT_COMPILATION_MODE = wholemodule;
				SWIFT_OPTIMIZATION_LEVEL = "-O";
				VALIDATE_PRODUCT = YES;
			};
			name = Release;
		};
		844813DA2768C826009B0D8A /* Debug */ = {
			isa = XCBuildConfiguration;
			buildSettings = {
				ASSETCATALOG_COMPILER_APPICON_NAME = AppIcon;
				CODE_SIGN_STYLE = Automatic;
				INFOPLIST_FILE = "edentechlabs-interview-task/Info.plist";
				LD_RUNPATH_SEARCH_PATHS = (
					"$(inherited)",
					"@executable_path/Frameworks",
				);
				PRODUCT_BUNDLE_IDENTIFIER = "kolyo.dimitrov.edentechlabs-interview-task";
				PRODUCT_NAME = "$(TARGET_NAME)";
				SWIFT_VERSION = 4.2;
				TARGETED_DEVICE_FAMILY = "1,2";
			};
			name = Debug;
		};
		844813DB2768C826009B0D8A /* Release */ = {
			isa = XCBuildConfiguration;
			buildSettings = {
				ASSETCATALOG_COMPILER_APPICON_NAME = AppIcon;
				CODE_SIGN_STYLE = Automatic;
				INFOPLIST_FILE = "edentechlabs-interview-task/Info.plist";
				LD_RUNPATH_SEARCH_PATHS = (
					"$(inherited)",
					"@executable_path/Frameworks",
				);
				PRODUCT_BUNDLE_IDENTIFIER = "kolyo.dimitrov.edentechlabs-interview-task";
				PRODUCT_NAME = "$(TARGET_NAME)";
				SWIFT_VERSION = 4.2;
				TARGETED_DEVICE_FAMILY = "1,2";
			};
			name = Release;
		};
		844813DD2768C826009B0D8A /* Debug */ = {
			isa = XCBuildConfiguration;
			buildSettings = {
				ALWAYS_EMBED_SWIFT_STANDARD_LIBRARIES = YES;
				BUNDLE_LOADER = "$(TEST_HOST)";
				CODE_SIGN_STYLE = Automatic;
				INFOPLIST_FILE = "edentechlabs-interview-taskTests/Info.plist";
				LD_RUNPATH_SEARCH_PATHS = (
					"$(inherited)",
					"@executable_path/Frameworks",
					"@loader_path/Frameworks",
				);
				PRODUCT_BUNDLE_IDENTIFIER = "kolyo.dimitrov.edentechlabs-interview-taskTests";
				PRODUCT_NAME = "$(TARGET_NAME)";
				SWIFT_VERSION = 4.2;
				TARGETED_DEVICE_FAMILY = "1,2";
				TEST_HOST = "$(BUILT_PRODUCTS_DIR)/edentechlabs-interview-task.app/edentechlabs-interview-task";
			};
			name = Debug;
		};
		844813DE2768C826009B0D8A /* Release */ = {
			isa = XCBuildConfiguration;
			buildSettings = {
				ALWAYS_EMBED_SWIFT_STANDARD_LIBRARIES = YES;
				BUNDLE_LOADER = "$(TEST_HOST)";
				CODE_SIGN_STYLE = Automatic;
				INFOPLIST_FILE = "edentechlabs-interview-taskTests/Info.plist";
				LD_RUNPATH_SEARCH_PATHS = (
					"$(inherited)",
					"@executable_path/Frameworks",
					"@loader_path/Frameworks",
				);
				PRODUCT_BUNDLE_IDENTIFIER = "kolyo.dimitrov.edentechlabs-interview-taskTests";
				PRODUCT_NAME = "$(TARGET_NAME)";
				SWIFT_VERSION = 4.2;
				TARGETED_DEVICE_FAMILY = "1,2";
				TEST_HOST = "$(BUILT_PRODUCTS_DIR)/edentechlabs-interview-task.app/edentechlabs-interview-task";
			};
			name = Release;
		};
/* End XCBuildConfiguration section */

/* Begin XCConfigurationList section */
		844813B72768C824009B0D8A /* Build configuration list for PBXProject "edentechlabs-interview-task" */ = {
			isa = XCConfigurationList;
			buildConfigurations = (
				844813D72768C826009B0D8A /* Debug */,
				844813D82768C826009B0D8A /* Release */,
			);
			defaultConfigurationIsVisible = 0;
			defaultConfigurationName = Release;
		};
		844813D92768C826009B0D8A /* Build configuration list for PBXNativeTarget "edentechlabs-interview-task" */ = {
			isa = XCConfigurationList;
			buildConfigurations = (
				844813DA2768C826009B0D8A /* Debug */,
				844813DB2768C826009B0D8A /* Release */,
			);
			defaultConfigurationIsVisible = 0;
			defaultConfigurationName = Release;
		};
		844813DC2768C826009B0D8A /* Build configuration list for PBXNativeTarget "edentechlabs-interview-taskTests" */ = {
			isa = XCConfigurationList;
			buildConfigurations = (
				844813DD2768C826009B0D8A /* Debug */,
				844813DE2768C826009B0D8A /* Release */,
			);
			defaultConfigurationIsVisible = 0;
			defaultConfigurationName = Release;
		};
/* End XCConfigurationList section */
	};
	rootObject = 844813B42768C824009B0D8A /* Project object */;
}
